
Microsoft Visual Studio Solution File, Format Version 12.00
# Visual Studio 15
VisualStudioVersion = 15.0.28307.902
MinimumVisualStudioVersion = 10.0.40219.1
Project("{FAE04EC0-301F-11D3-BF4B-00C04F79EFBC}") = "WebApplication1", "WebApplication1\WebApplication1.csproj", "{6290F9DE-5E93-4903-91BA-40D8A4067CCD}"
EndProject
Global
	GlobalSection(SolutionConfigurationPlatforms) = preSolution
		Debug|Any CPU = Debug|Any CPU
		Release|Any CPU = Release|Any CPU
	EndGlobalSection
	GlobalSection(ProjectConfigurationPlatforms) = postSolution
		{6290F9DE-5E93-4903-91BA-40D8A4067CCD}.Debug|Any CPU.ActiveCfg = Debug|Any CPU
		{6290F9DE-5E93-4903-91BA-40D8A4067CCD}.Debug|Any CPU.Build.0 = Debug|Any CPU
		{6290F9DE-5E93-4903-91BA-40D8A4067CCD}.Release|Any CPU.ActiveCfg = Release|Any CPU
		{6290F9DE-5E93-4903-91BA-40D8A4067CCD}.Release|Any CPU.Build.0 = Release|Any CPU
	EndGlobalSection
	GlobalSection(SolutionProperties) = preSolution
		HideSolutionNode = FALSE
	EndGlobalSection
	GlobalSection(ExtensibilityGlobals) = postSolution
		SolutionGuid = {777CADE7-FCB0-4CC0-90E5-F3653F59C045}
	EndGlobalSection
EndGlobal
